Microsoft Visual Studio Solution File, Format Version 11.00
# Visual Studio 2008

Project("{557A714D-7182-6EB2-D50F-C9D6855F5A40}") = "Assignment3-3DGame", "Assembly-CSharp.csproj", "{C8B1D11C-A042-0B00-1E6B-F0411419478F}"
EndProject
Project("{557A714D-7182-6EB2-D50F-C9D6855F5A40}") = "Assignment3-3DGame", "Assembly-CSharp-Editor.csproj", "{43201ED2-A4FB-9655-2482-77233EB603AA}"
EndProject
Global
	GlobalSection(SolutionConfigurationPlatforms) = preSolution
		Debug|Any CPU = Debug|Any CPU
		Release|Any CPU = Release|Any CPU
	EndGlobalSection
	GlobalSection(ProjectConfigurationPlatforms) = postSolution
		{C8B1D11C-A042-0B00-1E6B-F0411419478F}.Debug|Any CPU.ActiveCfg = Debug|Any CPU
		{C8B1D11C-A042-0B00-1E6B-F0411419478F}.Debug|Any CPU.Build.0 = Debug|Any CPU
		{C8B1D11C-A042-0B00-1E6B-F0411419478F}.Release|Any CPU.ActiveCfg = Release|Any CPU
		{C8B1D11C-A042-0B00-1E6B-F0411419478F}.Release|Any CPU.Build.0 = Release|Any CPU
		{43201ED2-A4FB-9655-2482-77233EB603AA}.Debug|Any CPU.ActiveCfg = Debug|Any CPU
		{43201ED2-A4FB-9655-2482-77233EB603AA}.Debug|Any CPU.Build.0 = Debug|Any CPU
		{43201ED2-A4FB-9655-2482-77233EB603AA}.Release|Any CPU.ActiveCfg = Release|Any CPU
		{43201ED2-A4FB-9655-2482-77233EB603AA}.Release|Any CPU.Build.0 = Release|Any CPU
	EndGlobalSection
	GlobalSection(SolutionProperties) = preSolution
		HideSolutionNode = FALSE
	EndGlobalSection
	GlobalSection(MonoDevelopProperties) = preSolution
		StartupItem = Assembly-CSharp.csproj
	EndGlobalSection
EndGlobal
